
Microsoft Visual Studio Solution File, Format Version 12.00
# Visual Studio Version 17
VisualStudioVersion = 17.6.33829.357
MinimumVisualStudioVersion = 10.0.40219.1
Project("{F184B08F-C81C-45F6-A57F-5ABD9991F28F}") = "shared", "shared\shared.vbproj", "{FFFBFAAF-21A7-425D-9561-6A332F2AD980}"
EndProject
Global
	GlobalSection(SolutionConfigurationPlatforms) = preSolution
		Debug|Any CPU = Debug|Any CPU
		Release|Any CPU = Release|Any CPU
	EndGlobalSection
	GlobalSection(ProjectConfigurationPlatforms) = postSolution
		{FFFBFAAF-21A7-425D-9561-6A332F2AD980}.Debug|Any CPU.ActiveCfg = Debug|Any CPU
		{FFFBFAAF-21A7-425D-9561-6A332F2AD980}.Debug|Any CPU.Build.0 = Debug|Any CPU
		{FFFBFAAF-21A7-425D-9561-6A332F2AD980}.Release|Any CPU.ActiveCfg = Release|Any CPU
		{FFFBFAAF-21A7-425D-9561-6A332F2AD980}.Release|Any CPU.Build.0 = Release|Any CPU
	EndGlobalSection
	GlobalSection(SolutionProperties) = preSolution
		HideSolutionNode = FALSE
	EndGlobalSection
	GlobalSection(ExtensibilityGlobals) = postSolution
		SolutionGuid = {BA71C52A-84D1-41D0-AE0F-D65D10417CE8}
	EndGlobalSection
EndGlobal
